Microsoft Visual Studio Solution File, Format Version 12.00
# Visual Studio Version 17
VisualStudioVersion = 17.5.2.0
MinimumVisualStudioVersion = 10.0.40219.1
Project("{2150E333-8FDC-42A3-9474-1A3956D46DE8}") = "Backend_CSharp", "Backend_CSharp", "{0271426B-70DB-63FF-5DDC-DB258EE887EF}"
EndProject
Project("{FAE04EC0-301F-11D3-BF4B-00C04F79EFBC}") = "SyncHabit.API", "Backend_CSharp\SyncHabit.API\SyncHabit.API.csproj", "{0EC2A3D1-DD93-E004-0D6E-6912EDBA38E3}"
EndProject
Global
	GlobalSection(SolutionConfigurationPlatforms) = preSolution
		Debug|Any CPU = Debug|Any CPU
		Release|Any CPU = Release|Any CPU
	EndGlobalSection
	GlobalSection(ProjectConfigurationPlatforms) = postSolution
		{0EC2A3D1-DD93-E004-0D6E-6912EDBA38E3}.Debug|Any CPU.ActiveCfg = Debug|Any CPU
		{0EC2A3D1-DD93-E004-0D6E-6912EDBA38E3}.Debug|Any CPU.Build.0 = Debug|Any CPU
		{0EC2A3D1-DD93-E004-0D6E-6912EDBA38E3}.Release|Any CPU.ActiveCfg = Release|Any CPU
		{0EC2A3D1-DD93-E004-0D6E-6912EDBA38E3}.Release|Any CPU.Build.0 = Release|Any CPU
	EndGlobalSection
	GlobalSection(SolutionProperties) = preSolution
		HideSolutionNode = FALSE
	EndGlobalSection
	GlobalSection(NestedProjects) = preSolution
		{0EC2A3D1-DD93-E004-0D6E-6912EDBA38E3} = {0271426B-70DB-63FF-5DDC-DB258EE887EF}
	EndGlobalSection
	GlobalSection(ExtensibilityGlobals) = postSolution
		SolutionGuid = {050EAF4D-7593-42E1-A3BD-A998A1854B3E}
	EndGlobalSection
EndGlobal
